
Microsoft Visual Studio Solution File, Format Version 12.00
# Visual Studio 2015
Project("{FAE04EC0-301F-11D3-BF4B-00C04F79EFBC}") = "Project3.CSharp.Plugins", "Project3.CSharp.Plugins.csproj", "{9F055789-5465-A0D5-A9F9-AABF64414213}"
EndProject
Project("{FAE04EC0-301F-11D3-BF4B-00C04F79EFBC}") = "Project3.CSharp", "Project3.CSharp.csproj", "{734F9951-554C-79D9-86AB-C6C4B0CEA3A2}"
EndProject
Project("{FAE04EC0-301F-11D3-BF4B-00C04F79EFBC}") = "Project3.CSharp.Editor", "Project3.CSharp.Editor.csproj", "{FE3BE1A0-F4CC-79F6-0CF8-CCDFA7B82BBC}"
EndProject
Global
	GlobalSection(SolutionConfigurationPlatforms) = preSolution
		Debug|Any CPU = Debug|Any CPU
		Release|Any CPU = Release|Any CPU
	EndGlobalSection
	GlobalSection(ProjectConfigurationPlatforms) = postSolution
		{9F055789-5465-A0D5-A9F9-AABF64414213}.Debug|Any CPU.ActiveCfg = Debug|Any CPU
		{9F055789-5465-A0D5-A9F9-AABF64414213}.Debug|Any CPU.Build.0 = Debug|Any CPU
		{9F055789-5465-A0D5-A9F9-AABF64414213}.Release|Any CPU.ActiveCfg = Release|Any CPU
		{9F055789-5465-A0D5-A9F9-AABF64414213}.Release|Any CPU.Build.0 = Release|Any CPU
		{734F9951-554C-79D9-86AB-C6C4B0CEA3A2}.Debug|Any CPU.ActiveCfg = Debug|Any CPU
		{734F9951-554C-79D9-86AB-C6C4B0CEA3A2}.Debug|Any CPU.Build.0 = Debug|Any CPU
		{734F9951-554C-79D9-86AB-C6C4B0CEA3A2}.Release|Any CPU.ActiveCfg = Release|Any CPU
		{734F9951-554C-79D9-86AB-C6C4B0CEA3A2}.Release|Any CPU.Build.0 = Release|Any CPU
		{FE3BE1A0-F4CC-79F6-0CF8-CCDFA7B82BBC}.Debug|Any CPU.ActiveCfg = Debug|Any CPU
		{FE3BE1A0-F4CC-79F6-0CF8-CCDFA7B82BBC}.Debug|Any CPU.Build.0 = Debug|Any CPU
		{FE3BE1A0-F4CC-79F6-0CF8-CCDFA7B82BBC}.Release|Any CPU.ActiveCfg = Release|Any CPU
		{FE3BE1A0-F4CC-79F6-0CF8-CCDFA7B82BBC}.Release|Any CPU.Build.0 = Release|Any CPU
	EndGlobalSection
	GlobalSection(SolutionProperties) = preSolution
		HideSolutionNode = FALSE
	EndGlobalSection
EndGlobal
